// !$*UTF8*$!
{
	archiveVersion = 1;
	classes = {
	};
	objectVersion = 55;
	objects = {

/* Begin PBXBuildFile section */
		6628E95C279632FD00C83519 /* CameraView.swift in Sources */ = {isa = PBXBuildFile; fileRef = 6628E95B279632FD00C83519 /* CameraView.swift */; };
		663C0E31278B694D006576F0 /* TextFieldAlert.swift in Sources */ = {isa = PBXBuildFile; fileRef = 663C0E30278B694D006576F0 /* TextFieldAlert.swift */; };
		6644407827877E9700E451F6 /* ImagePicker.swift in Sources */ = {isa = PBXBuildFile; fileRef = 6644407727877E9700E451F6 /* ImagePicker.swift */; };
		668F40D42785D1A000C35379 /* ProjectIMTApp.swift in Sources */ = {isa = PBXBuildFile; fileRef = 668F40D32785D1A000C35379 /* ProjectIMTApp.swift */; };
		668F40D82785D1A100C35379 /* Assets.xcassets in Resources */ = {isa = PBXBuildFile; fileRef = 668F40D72785D1A100C35379 /* Assets.xcassets */; };
		668F40DB2785D1A100C35379 /* Preview Assets.xcassets in Resources */ = {isa = PBXBuildFile; fileRef = 668F40DA2785D1A100C35379 /* Preview Assets.xcassets */; };
		668F40E22785D4EC00C35379 /* MainView.swift in Sources */ = {isa = PBXBuildFile; fileRef = 668F40E12785D4EC00C35379 /* MainView.swift */; };
		668F40EC2785FA7B00C35379 /* TransformationItemRow.swift in Sources */ = {isa = PBXBuildFile; fileRef = 668F40EB2785FA7B00C35379 /* TransformationItemRow.swift */; };
		88FBF845279710D4007377E9 /* ShowTransformationView.swift in Sources */ = {isa = PBXBuildFile; fileRef = 88FBF844279710D4007377E9 /* ShowTransformationView.swift */; };
		E178AF112968716600C517AF /* ProjectIMT.xcdatamodeld in Sources */ = {isa = PBXBuildFile; fileRef = E178AF0F2968716600C517AF /* ProjectIMT.xcdatamodeld */; };
		E178AF13296874CB00C517AF /* Persistence.swift in Sources */ = {isa = PBXBuildFile; fileRef = E178AF12296874CB00C517AF /* Persistence.swift */; };
		E1A2B55B296E001B0042ED2C /* Customer2+CoreDataClass.swift in Sources */ = {isa = PBXBuildFile; fileRef = E1A2B557296E001B0042ED2C /* Customer2+CoreDataClass.swift */; };
		E1A2B560296E006A0042ED2C /* Customer2+CoreDataProperties.swift in Sources */ = {isa = PBXBuildFile; fileRef = E1A2B55F296E006A0042ED2C /* Customer2+CoreDataProperties.swift */; };
		E1A2B564296E0F8C0042ED2C /* EditCustomerSheet.swift in Sources */ = {isa = PBXBuildFile; fileRef = E1A2B563296E0F8C0042ED2C /* EditCustomerSheet.swift */; };
		E1A4007E297D8525005AC47B /* LocalFileManager.swift in Sources */ = {isa = PBXBuildFile; fileRef = E1A4007D297D8525005AC47B /* LocalFileManager.swift */; };
		E1A77EED296CF797000E6FA9 /* CustomerListView.swift in Sources */ = {isa = PBXBuildFile; fileRef = E1A77EEC296CF797000E6FA9 /* CustomerListView.swift */; };
		E1A77EF5296DC8FD000E6FA9 /* AddCustomerSheet.swift in Sources */ = {isa = PBXBuildFile; fileRef = E1A77EF4296DC8FD000E6FA9 /* AddCustomerSheet.swift */; };
		E1AC5D3E29742FEF00902ED5 /* AddTransformationSheet.swift in Sources */ = {isa = PBXBuildFile; fileRef = E1AC5D3D29742FEF00902ED5 /* AddTransformationSheet.swift */; };
		E1B7F48F297EC6C600CAD2BA /* Transformation2+CoreDataClass.swift in Sources */ = {isa = PBXBuildFile; fileRef = E1B7F48D297EC6C600CAD2BA /* Transformation2+CoreDataClass.swift */; };
		E1B7F490297EC6C600CAD2BA /* Transformation2+CoreDataProperties.swift in Sources */ = {isa = PBXBuildFile; fileRef = E1B7F48E297EC6C600CAD2BA /* Transformation2+CoreDataProperties.swift */; };
		E1B7F492297ECA5000CAD2BA /* AddMusclesSheet.swift in Sources */ = {isa = PBXBuildFile; fileRef = E1B7F491297ECA5000CAD2BA /* AddMusclesSheet.swift */; };
/* End PBXBuildFile section */

/* Begin PBXFileReference section */
		6628E95B279632FD00C83519 /* CameraView.swift */ = {isa = PBXFileReference; lastKnownFileType = sourcecode.swift; path = CameraView.swift; sourceTree = "<group>"; };
		663C0E30278B694D006576F0 /* TextFieldAlert.swift */ = {isa = PBXFileReference; lastKnownFileType = sourcecode.swift; path = TextFieldAlert.swift; sourceTree = "<group>"; };
		6644407727877E9700E451F6 /* ImagePicker.swift */ = {isa = PBXFileReference; lastKnownFileType = sourcecode.swift; path = ImagePicker.swift; sourceTree = "<group>"; };
		668F40D02785D1A000C35379 /* ProjectIMT.app */ = {isa = PBXFileReference; explicitFileType = wrapper.application; includeInIndex = 0; path = ProjectIMT.app; sourceTree = BUILT_PRODUCTS_DIR; };
		668F40D32785D1A000C35379 /* ProjectIMTApp.swift */ = {isa = PBXFileReference; lastKnownFileType = sourcecode.swift; path = ProjectIMTApp.swift; sourceTree = "<group>"; };
		668F40D72785D1A100C35379 /* Assets.xcassets */ = {isa = PBXFileReference; lastKnownFileType = folder.assetcatalog; path = Assets.xcassets; sourceTree = "<group>"; };
		668F40DA2785D1A100C35379 /* Preview Assets.xcassets */ = {isa = PBXFileReference; lastKnownFileType = folder.assetcatalog; path = "Preview Assets.xcassets"; sourceTree = "<group>"; };
		668F40E12785D4EC00C35379 /* MainView.swift */ = {isa = PBXFileReference; lastKnownFileType = sourcecode.swift; path = MainView.swift; sourceTree = "<group>"; };
		668F40EB2785FA7B00C35379 /* TransformationItemRow.swift */ = {isa = PBXFileReference; lastKnownFileType = sourcecode.swift; path = TransformationItemRow.swift; sourceTree = "<group>"; };
		88FBF844279710D4007377E9 /* ShowTransformationView.swift */ = {isa = PBXFileReference; lastKnownFileType = sourcecode.swift; path = ShowTransformationView.swift; sourceTree = "<group>"; };
		E178AF102968716600C517AF /* ProjectIMT.xcdatamodel */ = {isa = PBXFileReference; lastKnownFileType = wrapper.xcdatamodel; path = ProjectIMT.xcdatamodel; sourceTree = "<group>"; };
		E178AF12296874CB00C517AF /* Persistence.swift */ = {isa = PBXFileReference; lastKnownFileType = sourcecode.swift; path = Persistence.swift; sourceTree = "<group>"; };
		E1A2B557296E001B0042ED2C /* Customer2+CoreDataClass.swift */ = {isa = PBXFileReference; lastKnownFileType = sourcecode.swift; path = "Customer2+CoreDataClass.swift"; sourceTree = "<group>"; };
		E1A2B55F296E006A0042ED2C /* Customer2+CoreDataProperties.swift */ = {isa = PBXFileReference; lastKnownFileType = sourcecode.swift; path = "Customer2+CoreDataProperties.swift"; sourceTree = "<group>"; };
		E1A2B563296E0F8C0042ED2C /* EditCustomerSheet.swift */ = {isa = PBXFileReference; lastKnownFileType = sourcecode.swift; path = EditCustomerSheet.swift; sourceTree = "<group>"; };
		E1A4007C297CC06F005AC47B /* Info.plist */ = {isa = PBXFileReference; lastKnownFileType = text.plist; path = Info.plist; sourceTree = "<group>"; };
		E1A4007D297D8525005AC47B /* LocalFileManager.swift */ = {isa = PBXFileReference; lastKnownFileType = sourcecode.swift; path = LocalFileManager.swift; sourceTree = "<group>"; };
		E1A77EEC296CF797000E6FA9 /* CustomerListView.swift */ = {isa = PBXFileReference; lastKnownFileType = sourcecode.swift; path = CustomerListView.swift; sourceTree = "<group>"; };
		E1A77EF4296DC8FD000E6FA9 /* AddCustomerSheet.swift */ = {isa = PBXFileReference; lastKnownFileType = sourcecode.swift; path = AddCustomerSheet.swift; sourceTree = "<group>"; };
		E1AC5D3D29742FEF00902ED5 /* AddTransformationSheet.swift */ = {isa = PBXFileReference; lastKnownFileType = sourcecode.swift; name = AddTransformationSheet.swift; path = CustomersList/AddTransformationSheet.swift; sourceTree = "<group>"; };
		E1B7F48D297EC6C600CAD2BA /* Transformation2+CoreDataClass.swift */ = {isa = PBXFileReference; lastKnownFileType = sourcecode.swift; path = "Transformation2+CoreDataClass.swift"; sourceTree = "<group>"; };
		E1B7F48E297EC6C600CAD2BA /* Transformation2+CoreDataProperties.swift */ = {isa = PBXFileReference; lastKnownFileType = sourcecode.swift; path = "Transformation2+CoreDataProperties.swift"; sourceTree = "<group>"; };
		E1B7F491297ECA5000CAD2BA /* AddMusclesSheet.swift */ = {isa = PBXFileReference; lastKnownFileType = sourcecode.swift; path = AddMusclesSheet.swift; sourceTree = "<group>"; };
/* End PBXFileReference section */

/* Begin PBXFrameworksBuildPhase section */
		668F40CD2785D1A000C35379 /* Frameworks */ = {
			isa = PBXFrameworksBuildPhase;
			buildActionMask = 2147483647;
			files = (
			);
			runOnlyForDeploymentPostprocessing = 0;
		};
/* End PBXFrameworksBuildPhase section */

/* Begin PBXGroup section */
		662D7D852799900D00729A7E /* CustomersList */ = {
			isa = PBXGroup;
			children = (
				E1A77EEC296CF797000E6FA9 /* CustomerListView.swift */,
			);
			path = CustomersList;
			sourceTree = "<group>";
		};
		663C0E2D278A35F0006576F0 /* Utilitaries */ = {
			isa = PBXGroup;
			children = (
				663C0E30278B694D006576F0 /* TextFieldAlert.swift */,
			);
			path = Utilitaries;
			sourceTree = "<group>";
		};
		6644407D2788693300E451F6 /* Models */ = {
			isa = PBXGroup;
			children = (
				E1B7F48D297EC6C600CAD2BA /* Transformation2+CoreDataClass.swift */,
				E1B7F48E297EC6C600CAD2BA /* Transformation2+CoreDataProperties.swift */,
				E1A2B55F296E006A0042ED2C /* Customer2+CoreDataProperties.swift */,
				E1A2B557296E001B0042ED2C /* Customer2+CoreDataClass.swift */,
			);
			path = Models;
			sourceTree = "<group>";
		};
		6644407E2788694100E451F6 /* Views */ = {
			isa = PBXGroup;
			children = (
				662D7D852799900D00729A7E /* CustomersList */,
				E1A77EF4296DC8FD000E6FA9 /* AddCustomerSheet.swift */,
				E1AC5D3D29742FEF00902ED5 /* AddTransformationSheet.swift */,
				E1B7F491297ECA5000CAD2BA /* AddMusclesSheet.swift */,
				E1A2B563296E0F8C0042ED2C /* EditCustomerSheet.swift */,
				668F40EB2785FA7B00C35379 /* TransformationItemRow.swift */,
				6644407727877E9700E451F6 /* ImagePicker.swift */,
				6628E95B279632FD00C83519 /* CameraView.swift */,
				E1A4007D297D8525005AC47B /* LocalFileManager.swift */,
				88FBF844279710D4007377E9 /* ShowTransformationView.swift */,
			);
			path = Views;
			sourceTree = "<group>";
		};
		668F40C72785D1A000C35379 = {
			isa = PBXGroup;
			children = (
				668F40D22785D1A000C35379 /* ProjectIMT */,
				668F40D12785D1A000C35379 /* Products */,
			);
			sourceTree = "<group>";
		};
		668F40D12785D1A000C35379 /* Products */ = {
			isa = PBXGroup;
			children = (
				668F40D02785D1A000C35379 /* ProjectIMT.app */,
			);
			name = Products;
			sourceTree = "<group>";
		};
		668F40D22785D1A000C35379 /* ProjectIMT */ = {
			isa = PBXGroup;
			children = (
				E1A4007C297CC06F005AC47B /* Info.plist */,
				E178AF0F2968716600C517AF /* ProjectIMT.xcdatamodeld */,
				668F40D72785D1A100C35379 /* Assets.xcassets */,
				668F40D32785D1A000C35379 /* ProjectIMTApp.swift */,
				668F40E12785D4EC00C35379 /* MainView.swift */,
				E178AF12296874CB00C517AF /* Persistence.swift */,
				6644407D2788693300E451F6 /* Models */,
				6644407E2788694100E451F6 /* Views */,
				663C0E2D278A35F0006576F0 /* Utilitaries */,
				668F40D92785D1A100C35379 /* Preview Content */,
			);
			path = ProjectIMT;
			sourceTree = "<group>";
		};
		668F40D92785D1A100C35379 /* Preview Content */ = {
			isa = PBXGroup;
			children = (
				668F40DA2785D1A100C35379 /* Preview Assets.xcassets */,
			);
			path = "Preview Content";
			sourceTree = "<group>";
		};
/* End PBXGroup section */

/* Begin PBXNativeTarget section */
		668F40CF2785D1A000C35379 /* ProjectIMT */ = {
			isa = PBXNativeTarget;
			buildConfigurationList = 668F40DE2785D1A100C35379 /* Build configuration list for PBXNativeTarget "ProjectIMT" */;
			buildPhases = (
				668F40CC2785D1A000C35379 /* Sources */,
				668F40CD2785D1A000C35379 /* Frameworks */,
				668F40CE2785D1A000C35379 /* Resources */,
			);
			buildRules = (
			);
			dependencies = (
			);
			name = ProjectIMT;
			productName = ProjectIMT;
			productReference = 668F40D02785D1A000C35379 /* ProjectIMT.app */;
			productType = "com.apple.product-type.application";
		};
/* End PBXNativeTarget section */

/* Begin PBXProject section */
		668F40C82785D1A000C35379 /* Project object */ = {
			isa = PBXProject;
			attributes = {
				BuildIndependentTargetsInParallel = 1;
				LastSwiftUpdateCheck = 1320;
				LastUpgradeCheck = 1320;
				TargetAttributes = {
					668F40CF2785D1A000C35379 = {
						CreatedOnToolsVersion = 13.2.1;
					};
				};
			};
			buildConfigurationList = 668F40CB2785D1A000C35379 /* Build configuration list for PBXProject "ProjectIMT" */;
			compatibilityVersion = "Xcode 13.0";
			developmentRegion = en;
			hasScannedForEncodings = 0;
			knownRegions = (
				en,
				Base,
			);
			mainGroup = 668F40C72785D1A000C35379;
			productRefGroup = 668F40D12785D1A000C35379 /* Products */;
			projectDirPath = "";
			projectRoot = "";
			targets = (
				668F40CF2785D1A000C35379 /* ProjectIMT */,
			);
		};
/* End PBXProject section */

/* Begin PBXResourcesBuildPhase section */
		668F40CE2785D1A000C35379 /* Resources */ = {
			isa = PBXResourcesBuildPhase;
			buildActionMask = 2147483647;
			files = (
				668F40DB2785D1A100C35379 /* Preview Assets.xcassets in Resources */,
				668F40D82785D1A100C35379 /* Assets.xcassets in Resources */,
			);
			runOnlyForDeploymentPostprocessing = 0;
		};
/* End PBXResourcesBuildPhase section */

/* Begin PBXSourcesBuildPhase section */
		668F40CC2785D1A000C35379 /* Sources */ = {
			isa = PBXSourcesBuildPhase;
			buildActionMask = 2147483647;
			files = (
				E1A2B560296E006A0042ED2C /* Customer2+CoreDataProperties.swift in Sources */,
				668F40E22785D4EC00C35379 /* MainView.swift in Sources */,
				668F40EC2785FA7B00C35379 /* TransformationItemRow.swift in Sources */,
				E1B7F48F297EC6C600CAD2BA /* Transformation2+CoreDataClass.swift in Sources */,
				E1A77EF5296DC8FD000E6FA9 /* AddCustomerSheet.swift in Sources */,
				E1AC5D3E29742FEF00902ED5 /* AddTransformationSheet.swift in Sources */,
				663C0E31278B694D006576F0 /* TextFieldAlert.swift in Sources */,
				E1B7F492297ECA5000CAD2BA /* AddMusclesSheet.swift in Sources */,
				6628E95C279632FD00C83519 /* CameraView.swift in Sources */,
				E1A2B564296E0F8C0042ED2C /* EditCustomerSheet.swift in Sources */,
				E178AF112968716600C517AF /* ProjectIMT.xcdatamodeld in Sources */,
				E1B7F490297EC6C600CAD2BA /* Transformation2+CoreDataProperties.swift in Sources */,
				E1A4007E297D8525005AC47B /* LocalFileManager.swift in Sources */,
				E178AF13296874CB00C517AF /* Persistence.swift in Sources */,
				88FBF845279710D4007377E9 /* ShowTransformationView.swift in Sources */,
				668F40D42785D1A000C35379 /* ProjectIMTApp.swift in Sources */,
				E1A77EED296CF797000E6FA9 /* CustomerListView.swift in Sources */,
				E1A2B55B296E001B0042ED2C /* Customer2+CoreDataClass.swift in Sources */,
				6644407827877E9700E451F6 /* ImagePicker.swift in Sources */,
			);
			runOnlyForDeploymentPostprocessing = 0;
		};
/* End PBXSourcesBuildPhase section */

/* Begin XCBuildConfiguration section */
		668F40DC2785D1A100C35379 /* Debug */ = {
			isa = XCBuildConfiguration;
			buildSettings = {
				ALWAYS_SEARCH_USER_PATHS = NO;
				CLANG_ANALYZER_NONNULL = YES;
				CLANG_ANALYZER_NUMBER_OBJECT_CONVERSION = YES_AGGRESSIVE;
				CLANG_CXX_LANGUAGE_STANDARD = "gnu++17";
				CLANG_CXX_LIBRARY = "libc++";
				CLANG_ENABLE_MODULES = YES;
				CLANG_ENABLE_OBJC_ARC = YES;
				CLANG_ENABLE_OBJC_WEAK = YES;
				CLANG_WARN_BLOCK_CAPTURE_AUTORELEASING = YES;
				CLANG_WARN_BOOL_CONVERSION = YES;
				CLANG_WARN_COMMA = YES;
				CLANG_WARN_CONSTANT_CONVERSION = YES;
				CLANG_WARN_DEPRECATED_OBJC_IMPLEMENTATIONS = YES;
				CLANG_WARN_DIRECT_OBJC_ISA_USAGE = YES_ERROR;
				CLANG_WARN_DOCUMENTATION_COMMENTS = YES;
				CLANG_WARN_EMPTY_BODY = YES;
				CLANG_WARN_ENUM_CONVERSION = YES;
				CLANG_WARN_INFINITE_RECURSION = YES;
				CLANG_WARN_INT_CONVERSION = YES;
				CLANG_WARN_NON_LITERAL_NULL_CONVERSION = YES;
				CLANG_WARN_OBJC_IMPLICIT_RETAIN_SELF = YES;
				CLANG_WARN_OBJC_LITERAL_CONVERSION = YES;
				CLANG_WARN_OBJC_ROOT_CLASS = YES_ERROR;
				CLANG_WARN_QUOTED_INCLUDE_IN_FRAMEWORK_HEADER = YES;
				CLANG_WARN_RANGE_LOOP_ANALYSIS = YES;
				CLANG_WARN_STRICT_PROTOTYPES = YES;
				CLANG_WARN_SUSPICIOUS_MOVE = YES;
				CLANG_WARN_UNGUARDED_AVAILABILITY = YES_AGGRESSIVE;
				CLANG_WARN_UNREACHABLE_CODE = YES;
				CLANG_WARN__DUPLICATE_METHOD_MATCH = YES;
				COPY_PHASE_STRIP = NO;
				DEBUG_INFORMATION_FORMAT = dwarf;
				ENABLE_STRICT_OBJC_MSGSEND = YES;
				ENABLE_TESTABILITY = YES;
				GCC_C_LANGUAGE_STANDARD = gnu11;
				GCC_DYNAMIC_NO_PIC = NO;
				GCC_NO_COMMON_BLOCKS = YES;
				GCC_OPTIMIZATION_LEVEL = 0;
				GCC_PREPROCESSOR_DEFINITIONS = (
					"DEBUG=1",
					"$(inherited)",
				);
				GCC_WARN_64_TO_32_BIT_CONVERSION = YES;
				GCC_WARN_ABOUT_RETURN_TYPE = YES_ERROR;
				GCC_WARN_UNDECLARED_SELECTOR = YES;
				GCC_WARN_UNINITIALIZED_AUTOS = YES_AGGRESSIVE;
				GCC_WARN_UNUSED_FUNCTION = YES;
				GCC_WARN_UNUSED_VARIABLE = YES;
				IPHONEOS_DEPLOYMENT_TARGET = 15.0;
				MTL_ENABLE_DEBUG_INFO = INCLUDE_SOURCE;
				MTL_FAST_MATH = YES;
				ONLY_ACTIVE_ARCH = YES;
				SDKROOT = iphoneos;
				SWIFT_ACTIVE_COMPILATION_CONDITIONS = DEBUG;
				SWIFT_OPTIMIZATION_LEVEL = "-Onone";
			};
			name = Debug;
		};
		668F40DD2785D1A100C35379 /* Release */ = {
			isa = XCBuildConfiguration;
			buildSettings = {
				ALWAYS_SEARCH_USER_PATHS = NO;
				CLANG_ANALYZER_NONNULL = YES;
				CLANG_ANALYZER_NUMBER_OBJECT_CONVERSION = YES_AGGRESSIVE;
				CLANG_CXX_LANGUAGE_STANDARD = "gnu++17";
				CLANG_CXX_LIBRARY = "libc++";
				CLANG_ENABLE_MODULES = YES;
				CLANG_ENABLE_OBJC_ARC = YES;
				CLANG_ENABLE_OBJC_WEAK = YES;
				CLANG_WARN_BLOCK_CAPTURE_AUTORELEASING = YES;
				CLANG_WARN_BOOL_CONVERSION = YES;
				CLANG_WARN_COMMA = YES;
				CLANG_WARN_CONSTANT_CONVERSION = YES;
				CLANG_WARN_DEPRECATED_OBJC_IMPLEMENTATIONS = YES;
				CLANG_WARN_DIRECT_OBJC_ISA_USAGE = YES_ERROR;
				CLANG_WARN_DOCUMENTATION_COMMENTS = YES;
				CLANG_WARN_EMPTY_BODY = YES;
				CLANG_WARN_ENUM_CONVERSION = YES;
				CLANG_WARN_INFINITE_RECURSION = YES;
				CLANG_WARN_INT_CONVERSION = YES;
				CLANG_WARN_NON_LITERAL_NULL_CONVERSION = YES;
				CLANG_WARN_OBJC_IMPLICIT_RETAIN_SELF = YES;
				CLANG_WARN_OBJC_LITERAL_CONVERSION = YES;
				CLANG_WARN_OBJC_ROOT_CLASS = YES_ERROR;
				CLANG_WARN_QUOTED_INCLUDE_IN_FRAMEWORK_HEADER = YES;
				CLANG_WARN_RANGE_LOOP_ANALYSIS = YES;
				CLANG_WARN_STRICT_PROTOTYPES = YES;
				CLANG_WARN_SUSPICIOUS_MOVE = YES;
				CLANG_WARN_UNGUARDED_AVAILABILITY = YES_AGGRESSIVE;
				CLANG_WARN_UNREACHABLE_CODE = YES;
				CLANG_WARN__DUPLICATE_METHOD_MATCH = YES;
				COPY_PHASE_STRIP = NO;
				DEBUG_INFORMATION_FORMAT = "dwarf-with-dsym";
				ENABLE_NS_ASSERTIONS = NO;
				ENABLE_STRICT_OBJC_MSGSEND = YES;
				GCC_C_LANGUAGE_STANDARD = gnu11;
				GCC_NO_COMMON_BLOCKS = YES;
				GCC_WARN_64_TO_32_BIT_CONVERSION = YES;
				GCC_WARN_ABOUT_RETURN_TYPE = YES_ERROR;
				GCC_WARN_UNDECLARED_SELECTOR = YES;
				GCC_WARN_UNINITIALIZED_AUTOS = YES_AGGRESSIVE;
				GCC_WARN_UNUSED_FUNCTION = YES;
				GCC_WARN_UNUSED_VARIABLE = YES;
				IPHONEOS_DEPLOYMENT_TARGET = 15.0;
				MTL_ENABLE_DEBUG_INFO = NO;
				MTL_FAST_MATH = YES;
				SDKROOT = iphoneos;
				SWIFT_COMPILATION_MODE = wholemodule;
				SWIFT_OPTIMIZATION_LEVEL = "-O";
				VALIDATE_PRODUCT = YES;
			};
			name = Release;
		};
		668F40DF2785D1A100C35379 /* Debug */ = {
			isa = XCBuildConfiguration;
			buildSettings = {
				ASSETCATALOG_COMPILER_APPICON_NAME = AppIcon;
				ASSETCATALOG_COMPILER_GLOBAL_ACCENT_COLOR_NAME = AccentColor;
				CODE_SIGN_STYLE = Automatic;
				CURRENT_PROJECT_VERSION = 1;
				DEVELOPMENT_ASSET_PATHS = "\"ProjectIMT/Preview Content\"";
				DEVELOPMENT_TEAM = LL82BX9N9Z;
				ENABLE_PREVIEWS = YES;
				GENERATE_INFOPLIST_FILE = YES;
				INFOPLIST_FILE = ProjectIMT/Info.plist;
				INFOPLIST_KEY_NSCameraUsageDescription = "";
				INFOPLIST_KEY_NSDocumentsFolderUsageDescription = "We want to save your photo";
				INFOPLIST_KEY_NSPhotoLibraryAddUsageDescription = "We want to save your photo ";
				INFOPLIST_KEY_UIApplicationSceneManifest_Generation = YES;
				INFOPLIST_KEY_UIApplicationSupportsIndirectInputEvents = YES;
				INFOPLIST_KEY_UILaunchScreen_Generation = YES;
				INFOPLIST_KEY_UISupportedInterfaceOrientations = UIInterfaceOrientationPortrait;
				INFOPLIST_KEY_UISupportedInterfaceOrientations_iPad = "UIInterfaceOrientationLandscapeLeft UIInterfaceOrientationLandscapeRight UIInterfaceOrientationPortrait UIInterfaceOrientationPortraitUpsideDown";
				LD_RUNPATH_SEARCH_PATHS = (
					"$(inherited)",
					"@executable_path/Frameworks",
				);
				MARKETING_VERSION = 1.0;
				PRODUCT_BUNDLE_IDENTIFIER = com.trouilletsicoli.ProjectIMT;
				PRODUCT_NAME = "$(TARGET_NAME)";
				SWIFT_EMIT_LOC_STRINGS = YES;
				SWIFT_VERSION = 5.0;
				TARGETED_DEVICE_FAMILY = "1,2";
			};
			name = Debug;
		};
		668F40E02785D1A100C35379 /* Release */ = {
			isa = XCBuildConfiguration;
			buildSettings = {
				ASSETCATALOG_COMPILER_APPICON_NAME = AppIcon;
				ASSETCATALOG_COMPILER_GLOBAL_ACCENT_COLOR_NAME = AccentColor;
				CODE_SIGN_STYLE = Automatic;
				CURRENT_PROJECT_VERSION = 1;
				DEVELOPMENT_ASSET_PATHS = "\"ProjectIMT/Preview Content\"";
				DEVELOPMENT_TEAM = LL82BX9N9Z;
				ENABLE_PREVIEWS = YES;
				GENERATE_INFOPLIST_FILE = YES;
				INFOPLIST_FILE = ProjectIMT/Info.plist;
				INFOPLIST_KEY_NSCameraUsageDescription = "";
				INFOPLIST_KEY_NSDocumentsFolderUsageDescription = "We want to save your photo";
				INFOPLIST_KEY_NSPhotoLibraryAddUsageDescription = "We want to save your photo ";
				INFOPLIST_KEY_UIApplicationSceneManifest_Generation = YES;
				INFOPLIST_KEY_UIApplicationSupportsIndirectInputEvents = YES;
				INFOPLIST_KEY_UILaunchScreen_Generation = YES;
				INFOPLIST_KEY_UISupportedInterfaceOrientations = UIInterfaceOrientationPortrait;
				INFOPLIST_KEY_UISupportedInterfaceOrientations_iPad = "UIInterfaceOrientationLandscapeLeft UIInterfaceOrientationLandscapeRight UIInterfaceOrientationPortrait UIInterfaceOrientationPortraitUpsideDown";
				LD_RUNPATH_SEARCH_PATHS = (
					"$(inherited)",
					"@executable_path/Frameworks",
				);
				MARKETING_VERSION = 1.0;
				PRODUCT_BUNDLE_IDENTIFIER = com.trouilletsicoli.ProjectIMT;
				PRODUCT_NAME = "$(TARGET_NAME)";
				SWIFT_EMIT_LOC_STRINGS = YES;
				SWIFT_VERSION = 5.0;
				TARGETED_DEVICE_FAMILY = "1,2";
			};
			name = Release;
		};
/* End XCBuildConfiguration section */

/* Begin XCConfigurationList section */
		668F40CB2785D1A000C35379 /* Build configuration list for PBXProject "ProjectIMT" */ = {
			isa = XCConfigurationList;
			buildConfigurations = (
				668F40DC2785D1A100C35379 /* Debug */,
				668F40DD2785D1A100C35379 /* Release */,
			);
			defaultConfigurationIsVisible = 0;
			defaultConfigurationName = Release;
		};
		668F40DE2785D1A100C35379 /* Build configuration list for PBXNativeTarget "ProjectIMT" */ = {
			isa = XCConfigurationList;
			buildConfigurations = (
				668F40DF2785D1A100C35379 /* Debug */,
				668F40E02785D1A100C35379 /* Release */,
			);
			defaultConfigurationIsVisible = 0;
			defaultConfigurationName = Release;
		};
/* End XCConfigurationList section */

/* Begin XCVersionGroup section */
		E178AF0F2968716600C517AF /* ProjectIMT.xcdatamodeld */ = {
			isa = XCVersionGroup;
			children = (
				E178AF102968716600C517AF /* ProjectIMT.xcdatamodel */,
			);
			currentVersion = E178AF102968716600C517AF /* ProjectIMT.xcdatamodel */;
			path = ProjectIMT.xcdatamodeld;
			sourceTree = "<group>";
			versionGroupType = wrapper.xcdatamodel;
		};
/* End XCVersionGroup section */
	};
	rootObject = 668F40C82785D1A000C35379 /* Project object */;
}
